
Microsoft Visual Studio Solution File, Format Version 12.00
# Visual Studio Version 17
VisualStudioVersion = 17.8.34525.116
MinimumVisualStudioVersion = 10.0.40219.1
Project("{FAE04EC0-301F-11D3-BF4B-00C04F79EFBC}") = "RecipeApp2", "RecipeApp2.csproj", "{E6C7E37F-BCAE-4E79-998C-6602C0F493BE}"
EndProject
Project("{2150E333-8FDC-42A3-9474-1A3956D46DE8}") = "Solution Items", "Solution Items", "{9F0805DF-D17E-4A09-B669-4CF84D755ED1}"
EndProject
Global
	GlobalSection(SolutionConfigurationPlatforms) = preSolution
		Debug|Any CPU = Debug|Any CPU
		Release|Any CPU = Release|Any CPU
	EndGlobalSection
	GlobalSection(ProjectConfigurationPlatforms) = postSolution
		{E6C7E37F-BCAE-4E79-998C-6602C0F493BE}.Debug|Any CPU.ActiveCfg = Debug|Any CPU
		{E6C7E37F-BCAE-4E79-998C-6602C0F493BE}.Debug|Any CPU.Build.0 = Debug|Any CPU
		{E6C7E37F-BCAE-4E79-998C-6602C0F493BE}.Release|Any CPU.ActiveCfg = Release|Any CPU
		{E6C7E37F-BCAE-4E79-998C-6602C0F493BE}.Release|Any CPU.Build.0 = Release|Any CPU
	EndGlobalSection
	GlobalSection(SolutionProperties) = preSolution
		HideSolutionNode = FALSE
	EndGlobalSection
	GlobalSection(ExtensibilityGlobals) = postSolution
		SolutionGuid = {8D8D3212-550C-492B-B8C8-CED6A99461CD}
	EndGlobalSection
EndGlobal
